
Microsoft Visual Studio Solution File, Format Version 12.00
# Visual Studio Version 17
VisualStudioVersion = 17.0.31903.59
MinimumVisualStudioVersion = 10.0.40219.1
Project("{2150E333-8FDC-42A3-9474-1A3956D46DE8}") = "PlugIns", "PlugIns", "{205D859B-0181-4166-ADA4-CFD1EBE6642E}"
	ProjectSection(SolutionItems) = preProject
		PlugIns\Readme.md = PlugIns\Readme.md
	EndProjectSection
EndProject
Project("{9A19103F-16F7-4668-BE54-9A1E7A4F7556}") = "PlugIn.HostNetFx", "PlugIns\PlugIn.HostNetFx\PlugIn.HostNetFx.csproj", "{CA55BEBE-BCF7-42DD-8F5B-3C921B820A13}"
EndProject
Project("{2150E333-8FDC-42A3-9474-1A3956D46DE8}") = "Common", "Common", "{E82DF9D0-CCFA-4BD1-A642-717DA586303D}"
	ProjectSection(SolutionItems) = preProject
		PlugIns\Common\PlugInEntryPoint.Net46Behaviour.cs = PlugIns\Common\PlugInEntryPoint.Net46Behaviour.cs
		PlugIns\Common\PlugInEntryPoint.PlugInInfo.cs = PlugIns\Common\PlugInEntryPoint.PlugInInfo.cs
		PlugIns\Common\PlugInEntryPoint.RxInfo.cs = PlugIns\Common\PlugInEntryPoint.RxInfo.cs
		PlugIns\Common\PlugInEntryPoint.WindowsFormsAvailable.cs = PlugIns\Common\PlugInEntryPoint.WindowsFormsAvailable.cs
	EndProjectSection
EndProject
Project("{2150E333-8FDC-42A3-9474-1A3956D46DE8}") = "Solution Items", "Solution Items", "{51BDE864-A922-4FAE-A24A-65CCB6794984}"
EndProject
Project("{2150E333-8FDC-42A3-9474-1A3956D46DE8}") = "Repros", "Repros", "{02EA681E-C7D8-13C7-8484-4AC65E1B71E8}"
EndProject
Project("{FAE04EC0-301F-11D3-BF4B-00C04F79EFBC}") = "PlugIn.Api", "PlugIns\PlugIn.Api\PlugIn.Api.csproj", "{3D025A41-5439-4B77-8032-93DF58FE08E0}"
EndProject
Project("{FAE04EC0-301F-11D3-BF4B-00C04F79EFBC}") = "CheckIssue97", "Repro97\CheckIssue97\CheckIssue97.csproj", "{771FA827-01A1-40E6-B33D-07E5BA7DC15E}"
EndProject
Project("{FAE04EC0-301F-11D3-BF4B-00C04F79EFBC}") = "PlugIn.HostDriver", "PlugIns\PlugIn.HostDriver\PlugIn.HostDriver.csproj", "{E3983205-88F3-411A-8707-22FA9067046B}"
EndProject
Project("{FAE04EC0-301F-11D3-BF4B-00C04F79EFBC}") = "PlugIn.HostSerialization", "PlugIns\PlugIn.HostSerialization\PlugIn.HostSerialization.csproj", "{F5B451AE-3964-4613-B680-C5B0EAE85008}"
EndProject
Project("{FAE04EC0-301F-11D3-BF4B-00C04F79EFBC}") = "PlugIn.HostDotnet", "PlugIns\PlugIn.HostDotnet\PlugIn.HostDotnet.csproj", "{0F16CF0D-1997-4875-8C88-37940CED0224}"
EndProject
Project("{FAE04EC0-301F-11D3-BF4B-00C04F79EFBC}") = "PlugIn.Dotnet.Rx44", "PlugIns\PlugIn.Dotnet.Rx44\PlugIn.Dotnet.Rx44.csproj", "{DCA2AD99-9A51-442E-98D5-62B33260AE02}"
EndProject
Project("{FAE04EC0-301F-11D3-BF4B-00C04F79EFBC}") = "PlugIn.Dotnet.Rx50", "PlugIns\PlugIn.Dotnet.Rx50\PlugIn.Dotnet.Rx50.csproj", "{7FA88946-5950-4DE7-8AD6-2BB044634E05}"
EndProject
Project("{FAE04EC0-301F-11D3-BF4B-00C04F79EFBC}") = "PlugIn.NetFx.Rx30", "PlugIns\PlugIn.NetFx.Rx30\PlugIn.NetFx.Rx30.csproj", "{E455E255-5BCB-43A0-AB1E-EE4FF0748C0A}"
EndProject
Project("{FAE04EC0-301F-11D3-BF4B-00C04F79EFBC}") = "PlugIn.NetFx.Rx31", "PlugIns\PlugIn.NetFx.Rx31\PlugIn.NetFx.Rx31.csproj", "{061E9DF9-3EBC-4C88-BFD0-1B335ED73AA1}"
EndProject
Project("{FAE04EC0-301F-11D3-BF4B-00C04F79EFBC}") = "PlugIn.NetFx.Rx44", "PlugIns\PlugIn.NetFx.Rx44\PlugIn.NetFx.Rx44.csproj", "{9936C961-B46B-46A8-A722-74094F06FB37}"
EndProject
Project("{FAE04EC0-301F-11D3-BF4B-00C04F79EFBC}") = "PlugIn.NetFx.Rx50", "PlugIns\PlugIn.NetFx.Rx50\PlugIn.NetFx.Rx50.csproj", "{4D8B0562-1BB6-4E23-9CE4-3067207AA34D}"
EndProject
Project("{FAE04EC0-301F-11D3-BF4B-00C04F79EFBC}") = "PlugIn.NetFx.Rx60", "PlugIns\PlugIn.NetFx.Rx60\PlugIn.NetFx.Rx60.csproj", "{E92B4786-CBC1-49D1-B67F-75FBA39A76E6}"
EndProject
Project("{FAE04EC0-301F-11D3-BF4B-00C04F79EFBC}") = "CheckIssue1745", "CheckIssue1745\CheckIssue1745.csproj", "{C81605FB-12B5-448C-947B-4340F6CEADEC}"
EndProject
Project("{FAE04EC0-301F-11D3-BF4B-00C04F79EFBC}") = "RxGauntlet.Common", "RxGauntlet.Common\RxGauntlet.Common.csproj", "{7CB62424-1BBF-4A59-8339-F04F79585439}"
EndProject
Project("{2150E333-8FDC-42A3-9474-1A3956D46DE8}") = "Bloat", "Bloat", "{EF07756D-A201-410F-A9E8-9BF4AA74858A}"
EndProject
Project("{FAE04EC0-301F-11D3-BF4B-00C04F79EFBC}") = "Bloat.ConsoleWinRtTemplate", "Bloat\Bloat.ConsoleWinRtTemplate\Bloat.ConsoleWinRtTemplate.csproj", "{EE1D0C4E-5F8F-679C-306C-0C82A8532CD6}"
EndProject
Global
	GlobalSection(SolutionConfigurationPlatforms) = preSolution
		Debug|Any CPU = Debug|Any CPU
		Release|Any CPU = Release|Any CPU
	EndGlobalSection
	GlobalSection(ProjectConfigurationPlatforms) = postSolution
		{CA55BEBE-BCF7-42DD-8F5B-3C921B820A13}.Debug|Any CPU.ActiveCfg = Debug|Any CPU
		{CA55BEBE-BCF7-42DD-8F5B-3C921B820A13}.Debug|Any CPU.Build.0 = Debug|Any CPU
		{CA55BEBE-BCF7-42DD-8F5B-3C921B820A13}.Release|Any CPU.ActiveCfg = Release|Any CPU
		{CA55BEBE-BCF7-42DD-8F5B-3C921B820A13}.Release|Any CPU.Build.0 = Release|Any CPU
		{3D025A41-5439-4B77-8032-93DF58FE08E0}.Debug|Any CPU.ActiveCfg = Debug|Any CPU
		{3D025A41-5439-4B77-8032-93DF58FE08E0}.Debug|Any CPU.Build.0 = Debug|Any CPU
		{3D025A41-5439-4B77-8032-93DF58FE08E0}.Release|Any CPU.ActiveCfg = Release|Any CPU
		{3D025A41-5439-4B77-8032-93DF58FE08E0}.Release|Any CPU.Build.0 = Release|Any CPU
		{771FA827-01A1-40E6-B33D-07E5BA7DC15E}.Debug|Any CPU.ActiveCfg = Debug|Any CPU
		{771FA827-01A1-40E6-B33D-07E5BA7DC15E}.Debug|Any CPU.Build.0 = Debug|Any CPU
		{771FA827-01A1-40E6-B33D-07E5BA7DC15E}.Release|Any CPU.ActiveCfg = Release|Any CPU
		{771FA827-01A1-40E6-B33D-07E5BA7DC15E}.Release|Any CPU.Build.0 = Release|Any CPU
		{E3983205-88F3-411A-8707-22FA9067046B}.Debug|Any CPU.ActiveCfg = Debug|Any CPU
		{E3983205-88F3-411A-8707-22FA9067046B}.Debug|Any CPU.Build.0 = Debug|Any CPU
		{E3983205-88F3-411A-8707-22FA9067046B}.Release|Any CPU.ActiveCfg = Release|Any CPU
		{E3983205-88F3-411A-8707-22FA9067046B}.Release|Any CPU.Build.0 = Release|Any CPU
		{F5B451AE-3964-4613-B680-C5B0EAE85008}.Debug|Any CPU.ActiveCfg = Debug|Any CPU
		{F5B451AE-3964-4613-B680-C5B0EAE85008}.Debug|Any CPU.Build.0 = Debug|Any CPU
		{F5B451AE-3964-4613-B680-C5B0EAE85008}.Release|Any CPU.ActiveCfg = Release|Any CPU
		{F5B451AE-3964-4613-B680-C5B0EAE85008}.Release|Any CPU.Build.0 = Release|Any CPU
		{0F16CF0D-1997-4875-8C88-37940CED0224}.Debug|Any CPU.ActiveCfg = Debug|Any CPU
		{0F16CF0D-1997-4875-8C88-37940CED0224}.Debug|Any CPU.Build.0 = Debug|Any CPU
		{0F16CF0D-1997-4875-8C88-37940CED0224}.Release|Any CPU.ActiveCfg = Release|Any CPU
		{0F16CF0D-1997-4875-8C88-37940CED0224}.Release|Any CPU.Build.0 = Release|Any CPU
		{DCA2AD99-9A51-442E-98D5-62B33260AE02}.Debug|Any CPU.ActiveCfg = Debug|Any CPU
		{DCA2AD99-9A51-442E-98D5-62B33260AE02}.Debug|Any CPU.Build.0 = Debug|Any CPU
		{DCA2AD99-9A51-442E-98D5-62B33260AE02}.Release|Any CPU.ActiveCfg = Release|Any CPU
		{DCA2AD99-9A51-442E-98D5-62B33260AE02}.Release|Any CPU.Build.0 = Release|Any CPU
		{7FA88946-5950-4DE7-8AD6-2BB044634E05}.Debug|Any CPU.ActiveCfg = Debug|Any CPU
		{7FA88946-5950-4DE7-8AD6-2BB044634E05}.Debug|Any CPU.Build.0 = Debug|Any CPU
		{7FA88946-5950-4DE7-8AD6-2BB044634E05}.Release|Any CPU.ActiveCfg = Release|Any CPU
		{7FA88946-5950-4DE7-8AD6-2BB044634E05}.Release|Any CPU.Build.0 = Release|Any CPU
		{E455E255-5BCB-43A0-AB1E-EE4FF0748C0A}.Debug|Any CPU.ActiveCfg = Debug|Any CPU
		{E455E255-5BCB-43A0-AB1E-EE4FF0748C0A}.Debug|Any CPU.Build.0 = Debug|Any CPU
		{E455E255-5BCB-43A0-AB1E-EE4FF0748C0A}.Release|Any CPU.ActiveCfg = Release|Any CPU
		{E455E255-5BCB-43A0-AB1E-EE4FF0748C0A}.Release|Any CPU.Build.0 = Release|Any CPU
		{061E9DF9-3EBC-4C88-BFD0-1B335ED73AA1}.Debug|Any CPU.ActiveCfg = Debug|Any CPU
		{061E9DF9-3EBC-4C88-BFD0-1B335ED73AA1}.Debug|Any CPU.Build.0 = Debug|Any CPU
		{061E9DF9-3EBC-4C88-BFD0-1B335ED73AA1}.Release|Any CPU.ActiveCfg = Release|Any CPU
		{061E9DF9-3EBC-4C88-BFD0-1B335ED73AA1}.Release|Any CPU.Build.0 = Release|Any CPU
		{9936C961-B46B-46A8-A722-74094F06FB37}.Debug|Any CPU.ActiveCfg = Debug|Any CPU
		{9936C961-B46B-46A8-A722-74094F06FB37}.Debug|Any CPU.Build.0 = Debug|Any CPU
		{9936C961-B46B-46A8-A722-74094F06FB37}.Release|Any CPU.ActiveCfg = Release|Any CPU
		{9936C961-B46B-46A8-A722-74094F06FB37}.Release|Any CPU.Build.0 = Release|Any CPU
		{4D8B0562-1BB6-4E23-9CE4-3067207AA34D}.Debug|Any CPU.ActiveCfg = Debug|Any CPU
		{4D8B0562-1BB6-4E23-9CE4-3067207AA34D}.Debug|Any CPU.Build.0 = Debug|Any CPU
		{4D8B0562-1BB6-4E23-9CE4-3067207AA34D}.Release|Any CPU.ActiveCfg = Release|Any CPU
		{4D8B0562-1BB6-4E23-9CE4-3067207AA34D}.Release|Any CPU.Build.0 = Release|Any CPU
		{E92B4786-CBC1-49D1-B67F-75FBA39A76E6}.Debug|Any CPU.ActiveCfg = Debug|Any CPU
		{E92B4786-CBC1-49D1-B67F-75FBA39A76E6}.Debug|Any CPU.Build.0 = Debug|Any CPU
		{E92B4786-CBC1-49D1-B67F-75FBA39A76E6}.Release|Any CPU.ActiveCfg = Release|Any CPU
		{E92B4786-CBC1-49D1-B67F-75FBA39A76E6}.Release|Any CPU.Build.0 = Release|Any CPU
		{C81605FB-12B5-448C-947B-4340F6CEADEC}.Debug|Any CPU.ActiveCfg = Debug|Any CPU
		{C81605FB-12B5-448C-947B-4340F6CEADEC}.Debug|Any CPU.Build.0 = Debug|Any CPU
		{C81605FB-12B5-448C-947B-4340F6CEADEC}.Release|Any CPU.ActiveCfg = Release|Any CPU
		{C81605FB-12B5-448C-947B-4340F6CEADEC}.Release|Any CPU.Build.0 = Release|Any CPU
		{7CB62424-1BBF-4A59-8339-F04F79585439}.Debug|Any CPU.ActiveCfg = Debug|Any CPU
		{7CB62424-1BBF-4A59-8339-F04F79585439}.Debug|Any CPU.Build.0 = Debug|Any CPU
		{7CB62424-1BBF-4A59-8339-F04F79585439}.Release|Any CPU.ActiveCfg = Release|Any CPU
		{7CB62424-1BBF-4A59-8339-F04F79585439}.Release|Any CPU.Build.0 = Release|Any CPU
		{EE1D0C4E-5F8F-679C-306C-0C82A8532CD6}.Debug|Any CPU.ActiveCfg = Debug|Any CPU
		{EE1D0C4E-5F8F-679C-306C-0C82A8532CD6}.Debug|Any CPU.Build.0 = Debug|Any CPU
		{EE1D0C4E-5F8F-679C-306C-0C82A8532CD6}.Release|Any CPU.ActiveCfg = Release|Any CPU
		{EE1D0C4E-5F8F-679C-306C-0C82A8532CD6}.Release|Any CPU.Build.0 = Release|Any CPU
	EndGlobalSection
	GlobalSection(SolutionProperties) = preSolution
		HideSolutionNode = FALSE
	EndGlobalSection
	GlobalSection(NestedProjects) = preSolution
		{CA55BEBE-BCF7-42DD-8F5B-3C921B820A13} = {205D859B-0181-4166-ADA4-CFD1EBE6642E}
		{E82DF9D0-CCFA-4BD1-A642-717DA586303D} = {205D859B-0181-4166-ADA4-CFD1EBE6642E}
		{3D025A41-5439-4B77-8032-93DF58FE08E0} = {205D859B-0181-4166-ADA4-CFD1EBE6642E}
		{771FA827-01A1-40E6-B33D-07E5BA7DC15E} = {02EA681E-C7D8-13C7-8484-4AC65E1B71E8}
		{E3983205-88F3-411A-8707-22FA9067046B} = {205D859B-0181-4166-ADA4-CFD1EBE6642E}
		{F5B451AE-3964-4613-B680-C5B0EAE85008} = {205D859B-0181-4166-ADA4-CFD1EBE6642E}
		{0F16CF0D-1997-4875-8C88-37940CED0224} = {205D859B-0181-4166-ADA4-CFD1EBE6642E}
		{DCA2AD99-9A51-442E-98D5-62B33260AE02} = {205D859B-0181-4166-ADA4-CFD1EBE6642E}
		{7FA88946-5950-4DE7-8AD6-2BB044634E05} = {205D859B-0181-4166-ADA4-CFD1EBE6642E}
		{E455E255-5BCB-43A0-AB1E-EE4FF0748C0A} = {205D859B-0181-4166-ADA4-CFD1EBE6642E}
		{061E9DF9-3EBC-4C88-BFD0-1B335ED73AA1} = {205D859B-0181-4166-ADA4-CFD1EBE6642E}
		{9936C961-B46B-46A8-A722-74094F06FB37} = {205D859B-0181-4166-ADA4-CFD1EBE6642E}
		{4D8B0562-1BB6-4E23-9CE4-3067207AA34D} = {205D859B-0181-4166-ADA4-CFD1EBE6642E}
		{E92B4786-CBC1-49D1-B67F-75FBA39A76E6} = {205D859B-0181-4166-ADA4-CFD1EBE6642E}
		{C81605FB-12B5-448C-947B-4340F6CEADEC} = {02EA681E-C7D8-13C7-8484-4AC65E1B71E8}
		{EE1D0C4E-5F8F-679C-306C-0C82A8532CD6} = {EF07756D-A201-410F-A9E8-9BF4AA74858A}
	EndGlobalSection
	GlobalSection(ExtensibilityGlobals) = postSolution
		SolutionGuid = {43285174-101F-4093-8151-21B8DC3555EB}
	EndGlobalSection
EndGlobal
