
Microsoft Visual Studio Solution File, Format Version 12.00
# Visual Studio Version 17
VisualStudioVersion = 17.0.31903.59
MinimumVisualStudioVersion = 10.0.40219.1
Project("{2150E333-8FDC-42A3-9474-1A3956D46DE8}") = "PlugIns", "PlugIns", "{205D859B-0181-4166-ADA4-CFD1EBE6642E}"
	ProjectSection(SolutionItems) = preProject
		PlugIns\Readme.md = PlugIns\Readme.md
	EndProjectSection
EndProject
Project("{9A19103F-16F7-4668-BE54-9A1E7A4F7556}") = "PlugIn.NetFx.Net45.Rx30", "PlugIns\PlugIn.NetFx.Net45.Rx30\PlugIn.NetFx.Net45.Rx30.csproj", "{68E1C09A-CCC5-4D7B-BEF6-3095EF445F5A}"
EndProject
Project("{9A19103F-16F7-4668-BE54-9A1E7A4F7556}") = "PlugIn.NetFx.Net46.Rx30", "PlugIns\PlugIn.NetFx.Net46.Rx30\PlugIn.NetFx.Net46.Rx30.csproj", "{BA8516B4-A3E1-43F5-83DC-4F3BE452D281}"
EndProject
Project("{9A19103F-16F7-4668-BE54-9A1E7A4F7556}") = "PlugIn.HostNetFx", "PlugIns\PlugIn.HostNetFx\PlugIn.HostNetFx.csproj", "{CA55BEBE-BCF7-42DD-8F5B-3C921B820A13}"
	ProjectSection(ProjectDependencies) = postProject
		{005B61AA-016D-41DB-B764-D4F01F263F65} = {005B61AA-016D-41DB-B764-D4F01F263F65}
		{43F5C6E2-0767-40BA-98E5-790F29579B9D} = {43F5C6E2-0767-40BA-98E5-790F29579B9D}
		{464EE5E4-2C80-43B1-8F3D-A2005CC006EE} = {464EE5E4-2C80-43B1-8F3D-A2005CC006EE}
		{68E1C09A-CCC5-4D7B-BEF6-3095EF445F5A} = {68E1C09A-CCC5-4D7B-BEF6-3095EF445F5A}
		{B1A2323E-D79D-4901-8BEA-B5CED03DFE20} = {B1A2323E-D79D-4901-8BEA-B5CED03DFE20}
		{B99795FF-238C-4345-B6A2-39D0D6BE8BFC} = {B99795FF-238C-4345-B6A2-39D0D6BE8BFC}
		{BA8516B4-A3E1-43F5-83DC-4F3BE452D281} = {BA8516B4-A3E1-43F5-83DC-4F3BE452D281}
		{D4BA579B-0BC5-4DD3-8897-C361B756CE0E} = {D4BA579B-0BC5-4DD3-8897-C361B756CE0E}
		{DEA4B750-B7E6-4001-8309-7F20F8402FD5} = {DEA4B750-B7E6-4001-8309-7F20F8402FD5}
		{E8439BAD-6AB2-4A27-B091-6FBC1DAF1DA4} = {E8439BAD-6AB2-4A27-B091-6FBC1DAF1DA4}
	EndProjectSection
EndProject
Project("{9A19103F-16F7-4668-BE54-9A1E7A4F7556}") = "PlugIn.NetFx.Net45.Rx31", "PlugIns\PlugIn.NetFx.Net45.Rx31\PlugIn.NetFx.Net45.Rx31.csproj", "{E8439BAD-6AB2-4A27-B091-6FBC1DAF1DA4}"
EndProject
Project("{9A19103F-16F7-4668-BE54-9A1E7A4F7556}") = "PlugIn.NetFx.Net46.Rx31", "PlugIns\PlugIn.NetFx.Net46.Rx31\PlugIn.NetFx.Net46.Rx31.csproj", "{005B61AA-016D-41DB-B764-D4F01F263F65}"
EndProject
Project("{9A19103F-16F7-4668-BE54-9A1E7A4F7556}") = "PlugIn.NetFx.Net472.Rx60", "PlugIns\PlugIn.NetFx.Net472.Rx60\PlugIn.NetFx.Net472.Rx60.csproj", "{D4BA579B-0BC5-4DD3-8897-C361B756CE0E}"
EndProject
Project("{9A19103F-16F7-4668-BE54-9A1E7A4F7556}") = "PlugIn.NetFx.Net46.Rx44", "PlugIns\PlugIn.NetFx.Net46.Rx44\PlugIn.NetFx.Net46.Rx44.csproj", "{43F5C6E2-0767-40BA-98E5-790F29579B9D}"
EndProject
Project("{9A19103F-16F7-4668-BE54-9A1E7A4F7556}") = "PlugIn.NetFx.Net462.Rx44", "PlugIns\PlugIn.NetFx.Net462.Rx44\PlugIn.NetFx.Net462.Rx44.csproj", "{B99795FF-238C-4345-B6A2-39D0D6BE8BFC}"
EndProject
Project("{9A19103F-16F7-4668-BE54-9A1E7A4F7556}") = "PlugIn.NetFx.Net462.Rx50", "PlugIns\PlugIn.NetFx.Net462.Rx50\PlugIn.NetFx.Net462.Rx50.csproj", "{B1A2323E-D79D-4901-8BEA-B5CED03DFE20}"
EndProject
Project("{9A19103F-16F7-4668-BE54-9A1E7A4F7556}") = "PlugIn.NetFx.Net462.Rx60", "PlugIns\PlugIn.NetFx.Net462.Rx60\PlugIn.NetFx.Net462.Rx60.csproj", "{DEA4B750-B7E6-4001-8309-7F20F8402FD5}"
EndProject
Project("{9A19103F-16F7-4668-BE54-9A1E7A4F7556}") = "PlugIn.NetFx.Net472.Rx50", "PlugIns\PlugIn.NetFx.Net472.Rx50\PlugIn.NetFx.Net472.Rx50.csproj", "{464EE5E4-2C80-43B1-8F3D-A2005CC006EE}"
EndProject
Project("{2150E333-8FDC-42A3-9474-1A3956D46DE8}") = "Common", "Common", "{E82DF9D0-CCFA-4BD1-A642-717DA586303D}"
	ProjectSection(SolutionItems) = preProject
		PlugIns\Common\PlugInEntryPoint.Net46Behaviour.cs = PlugIns\Common\PlugInEntryPoint.Net46Behaviour.cs
		PlugIns\Common\PlugInEntryPoint.PlugInInfo.cs = PlugIns\Common\PlugInEntryPoint.PlugInInfo.cs
		PlugIns\Common\PlugInEntryPoint.RxInfo.cs = PlugIns\Common\PlugInEntryPoint.RxInfo.cs
		PlugIns\Common\PlugInEntryPoint.WindowsFormsAvailable.Rx3.cs = PlugIns\Common\PlugInEntryPoint.WindowsFormsAvailable.Rx3.cs
		PlugIns\Common\PlugInEntryPoint.WindowsFormsAvailable.Rx4Plus.cs = PlugIns\Common\PlugInEntryPoint.WindowsFormsAvailable.Rx4Plus.cs
	EndProjectSection
EndProject
Project("{2150E333-8FDC-42A3-9474-1A3956D46DE8}") = "Solution Items", "Solution Items", "{51BDE864-A922-4FAE-A24A-65CCB6794984}"
EndProject
Project("{2150E333-8FDC-42A3-9474-1A3956D46DE8}") = "Repros", "Repros", "{02EA681E-C7D8-13C7-8484-4AC65E1B71E8}"
EndProject
Project("{FAE04EC0-301F-11D3-BF4B-00C04F79EFBC}") = "PlugIn.Api", "PlugIns\PlugIn.Api\PlugIn.Api.csproj", "{3D025A41-5439-4B77-8032-93DF58FE08E0}"
EndProject
Project("{FAE04EC0-301F-11D3-BF4B-00C04F79EFBC}") = "CheckIssue97", "Repro97\CheckIssue97\CheckIssue97.csproj", "{771FA827-01A1-40E6-B33D-07E5BA7DC15E}"
EndProject
Project("{FAE04EC0-301F-11D3-BF4B-00C04F79EFBC}") = "PlugIn.HostDriver", "PlugIns\PlugIn.HostDriver\PlugIn.HostDriver.csproj", "{E3983205-88F3-411A-8707-22FA9067046B}"
EndProject
Project("{FAE04EC0-301F-11D3-BF4B-00C04F79EFBC}") = "PlugIn.HostSerialization", "PlugIns\PlugIn.HostSerialization\PlugIn.HostSerialization.csproj", "{F5B451AE-3964-4613-B680-C5B0EAE85008}"
EndProject
Global
	GlobalSection(SolutionConfigurationPlatforms) = preSolution
		Debug|Any CPU = Debug|Any CPU
		Release|Any CPU = Release|Any CPU
	EndGlobalSection
	GlobalSection(ProjectConfigurationPlatforms) = postSolution
		{68E1C09A-CCC5-4D7B-BEF6-3095EF445F5A}.Debug|Any CPU.ActiveCfg = Debug|Any CPU
		{68E1C09A-CCC5-4D7B-BEF6-3095EF445F5A}.Debug|Any CPU.Build.0 = Debug|Any CPU
		{68E1C09A-CCC5-4D7B-BEF6-3095EF445F5A}.Release|Any CPU.ActiveCfg = Release|Any CPU
		{68E1C09A-CCC5-4D7B-BEF6-3095EF445F5A}.Release|Any CPU.Build.0 = Release|Any CPU
		{BA8516B4-A3E1-43F5-83DC-4F3BE452D281}.Debug|Any CPU.ActiveCfg = Debug|Any CPU
		{BA8516B4-A3E1-43F5-83DC-4F3BE452D281}.Debug|Any CPU.Build.0 = Debug|Any CPU
		{BA8516B4-A3E1-43F5-83DC-4F3BE452D281}.Release|Any CPU.ActiveCfg = Release|Any CPU
		{BA8516B4-A3E1-43F5-83DC-4F3BE452D281}.Release|Any CPU.Build.0 = Release|Any CPU
		{CA55BEBE-BCF7-42DD-8F5B-3C921B820A13}.Debug|Any CPU.ActiveCfg = Debug|Any CPU
		{CA55BEBE-BCF7-42DD-8F5B-3C921B820A13}.Debug|Any CPU.Build.0 = Debug|Any CPU
		{CA55BEBE-BCF7-42DD-8F5B-3C921B820A13}.Release|Any CPU.ActiveCfg = Release|Any CPU
		{CA55BEBE-BCF7-42DD-8F5B-3C921B820A13}.Release|Any CPU.Build.0 = Release|Any CPU
		{E8439BAD-6AB2-4A27-B091-6FBC1DAF1DA4}.Debug|Any CPU.ActiveCfg = Debug|Any CPU
		{E8439BAD-6AB2-4A27-B091-6FBC1DAF1DA4}.Debug|Any CPU.Build.0 = Debug|Any CPU
		{E8439BAD-6AB2-4A27-B091-6FBC1DAF1DA4}.Release|Any CPU.ActiveCfg = Release|Any CPU
		{E8439BAD-6AB2-4A27-B091-6FBC1DAF1DA4}.Release|Any CPU.Build.0 = Release|Any CPU
		{005B61AA-016D-41DB-B764-D4F01F263F65}.Debug|Any CPU.ActiveCfg = Debug|Any CPU
		{005B61AA-016D-41DB-B764-D4F01F263F65}.Debug|Any CPU.Build.0 = Debug|Any CPU
		{005B61AA-016D-41DB-B764-D4F01F263F65}.Release|Any CPU.ActiveCfg = Release|Any CPU
		{005B61AA-016D-41DB-B764-D4F01F263F65}.Release|Any CPU.Build.0 = Release|Any CPU
		{D4BA579B-0BC5-4DD3-8897-C361B756CE0E}.Debug|Any CPU.ActiveCfg = Debug|Any CPU
		{D4BA579B-0BC5-4DD3-8897-C361B756CE0E}.Debug|Any CPU.Build.0 = Debug|Any CPU
		{D4BA579B-0BC5-4DD3-8897-C361B756CE0E}.Release|Any CPU.ActiveCfg = Release|Any CPU
		{D4BA579B-0BC5-4DD3-8897-C361B756CE0E}.Release|Any CPU.Build.0 = Release|Any CPU
		{43F5C6E2-0767-40BA-98E5-790F29579B9D}.Debug|Any CPU.ActiveCfg = Debug|Any CPU
		{43F5C6E2-0767-40BA-98E5-790F29579B9D}.Debug|Any CPU.Build.0 = Debug|Any CPU
		{43F5C6E2-0767-40BA-98E5-790F29579B9D}.Release|Any CPU.ActiveCfg = Release|Any CPU
		{43F5C6E2-0767-40BA-98E5-790F29579B9D}.Release|Any CPU.Build.0 = Release|Any CPU
		{B99795FF-238C-4345-B6A2-39D0D6BE8BFC}.Debug|Any CPU.ActiveCfg = Debug|Any CPU
		{B99795FF-238C-4345-B6A2-39D0D6BE8BFC}.Debug|Any CPU.Build.0 = Debug|Any CPU
		{B99795FF-238C-4345-B6A2-39D0D6BE8BFC}.Release|Any CPU.ActiveCfg = Release|Any CPU
		{B99795FF-238C-4345-B6A2-39D0D6BE8BFC}.Release|Any CPU.Build.0 = Release|Any CPU
		{B1A2323E-D79D-4901-8BEA-B5CED03DFE20}.Debug|Any CPU.ActiveCfg = Debug|Any CPU
		{B1A2323E-D79D-4901-8BEA-B5CED03DFE20}.Debug|Any CPU.Build.0 = Debug|Any CPU
		{B1A2323E-D79D-4901-8BEA-B5CED03DFE20}.Release|Any CPU.ActiveCfg = Release|Any CPU
		{B1A2323E-D79D-4901-8BEA-B5CED03DFE20}.Release|Any CPU.Build.0 = Release|Any CPU
		{DEA4B750-B7E6-4001-8309-7F20F8402FD5}.Debug|Any CPU.ActiveCfg = Debug|Any CPU
		{DEA4B750-B7E6-4001-8309-7F20F8402FD5}.Debug|Any CPU.Build.0 = Debug|Any CPU
		{DEA4B750-B7E6-4001-8309-7F20F8402FD5}.Release|Any CPU.ActiveCfg = Release|Any CPU
		{DEA4B750-B7E6-4001-8309-7F20F8402FD5}.Release|Any CPU.Build.0 = Release|Any CPU
		{464EE5E4-2C80-43B1-8F3D-A2005CC006EE}.Debug|Any CPU.ActiveCfg = Debug|Any CPU
		{464EE5E4-2C80-43B1-8F3D-A2005CC006EE}.Debug|Any CPU.Build.0 = Debug|Any CPU
		{464EE5E4-2C80-43B1-8F3D-A2005CC006EE}.Release|Any CPU.ActiveCfg = Release|Any CPU
		{464EE5E4-2C80-43B1-8F3D-A2005CC006EE}.Release|Any CPU.Build.0 = Release|Any CPU
		{3D025A41-5439-4B77-8032-93DF58FE08E0}.Debug|Any CPU.ActiveCfg = Debug|Any CPU
		{3D025A41-5439-4B77-8032-93DF58FE08E0}.Debug|Any CPU.Build.0 = Debug|Any CPU
		{3D025A41-5439-4B77-8032-93DF58FE08E0}.Release|Any CPU.ActiveCfg = Release|Any CPU
		{3D025A41-5439-4B77-8032-93DF58FE08E0}.Release|Any CPU.Build.0 = Release|Any CPU
		{771FA827-01A1-40E6-B33D-07E5BA7DC15E}.Debug|Any CPU.ActiveCfg = Debug|Any CPU
		{771FA827-01A1-40E6-B33D-07E5BA7DC15E}.Debug|Any CPU.Build.0 = Debug|Any CPU
		{771FA827-01A1-40E6-B33D-07E5BA7DC15E}.Release|Any CPU.ActiveCfg = Release|Any CPU
		{771FA827-01A1-40E6-B33D-07E5BA7DC15E}.Release|Any CPU.Build.0 = Release|Any CPU
		{E3983205-88F3-411A-8707-22FA9067046B}.Debug|Any CPU.ActiveCfg = Debug|Any CPU
		{E3983205-88F3-411A-8707-22FA9067046B}.Debug|Any CPU.Build.0 = Debug|Any CPU
		{E3983205-88F3-411A-8707-22FA9067046B}.Release|Any CPU.ActiveCfg = Release|Any CPU
		{E3983205-88F3-411A-8707-22FA9067046B}.Release|Any CPU.Build.0 = Release|Any CPU
		{F5B451AE-3964-4613-B680-C5B0EAE85008}.Debug|Any CPU.ActiveCfg = Debug|Any CPU
		{F5B451AE-3964-4613-B680-C5B0EAE85008}.Debug|Any CPU.Build.0 = Debug|Any CPU
		{F5B451AE-3964-4613-B680-C5B0EAE85008}.Release|Any CPU.ActiveCfg = Release|Any CPU
		{F5B451AE-3964-4613-B680-C5B0EAE85008}.Release|Any CPU.Build.0 = Release|Any CPU
	EndGlobalSection
	GlobalSection(SolutionProperties) = preSolution
		HideSolutionNode = FALSE
	EndGlobalSection
	GlobalSection(NestedProjects) = preSolution
		{68E1C09A-CCC5-4D7B-BEF6-3095EF445F5A} = {205D859B-0181-4166-ADA4-CFD1EBE6642E}
		{BA8516B4-A3E1-43F5-83DC-4F3BE452D281} = {205D859B-0181-4166-ADA4-CFD1EBE6642E}
		{CA55BEBE-BCF7-42DD-8F5B-3C921B820A13} = {205D859B-0181-4166-ADA4-CFD1EBE6642E}
		{E8439BAD-6AB2-4A27-B091-6FBC1DAF1DA4} = {205D859B-0181-4166-ADA4-CFD1EBE6642E}
		{005B61AA-016D-41DB-B764-D4F01F263F65} = {205D859B-0181-4166-ADA4-CFD1EBE6642E}
		{D4BA579B-0BC5-4DD3-8897-C361B756CE0E} = {205D859B-0181-4166-ADA4-CFD1EBE6642E}
		{43F5C6E2-0767-40BA-98E5-790F29579B9D} = {205D859B-0181-4166-ADA4-CFD1EBE6642E}
		{B99795FF-238C-4345-B6A2-39D0D6BE8BFC} = {205D859B-0181-4166-ADA4-CFD1EBE6642E}
		{B1A2323E-D79D-4901-8BEA-B5CED03DFE20} = {205D859B-0181-4166-ADA4-CFD1EBE6642E}
		{DEA4B750-B7E6-4001-8309-7F20F8402FD5} = {205D859B-0181-4166-ADA4-CFD1EBE6642E}
		{464EE5E4-2C80-43B1-8F3D-A2005CC006EE} = {205D859B-0181-4166-ADA4-CFD1EBE6642E}
		{E82DF9D0-CCFA-4BD1-A642-717DA586303D} = {205D859B-0181-4166-ADA4-CFD1EBE6642E}
		{3D025A41-5439-4B77-8032-93DF58FE08E0} = {205D859B-0181-4166-ADA4-CFD1EBE6642E}
		{771FA827-01A1-40E6-B33D-07E5BA7DC15E} = {02EA681E-C7D8-13C7-8484-4AC65E1B71E8}
		{E3983205-88F3-411A-8707-22FA9067046B} = {205D859B-0181-4166-ADA4-CFD1EBE6642E}
		{F5B451AE-3964-4613-B680-C5B0EAE85008} = {205D859B-0181-4166-ADA4-CFD1EBE6642E}
	EndGlobalSection
	GlobalSection(ExtensibilityGlobals) = postSolution
		SolutionGuid = {43285174-101F-4093-8151-21B8DC3555EB}
	EndGlobalSection
EndGlobal
